
Microsoft Visual Studio Solution File, Format Version 12.00
# Visual Studio 15
VisualStudioVersion = 15.0.28010.2016
MinimumVisualStudioVersion = 10.0.40219.1
Project("{9A19103F-16F7-4668-BE54-9A1E7A4F7556}") = "BankApp", "BankApp\BankApp.csproj", "{A3F599A2-AE57-4EC6-97B2-2C0031114AB0}"
EndProject
Project("{9A19103F-16F7-4668-BE54-9A1E7A4F7556}") = "BankApp.Domain", "BankApp.Domain\BankApp.Domain.csproj", "{96BF224F-1D0A-47D1-BA7C-574DA5D0A8A4}"
EndProject
Project("{2150E333-8FDC-42A3-9474-1A3956D46DE8}") = "1. Domain", "1. Domain", "{D3898707-5C83-4F11-A7EF-9CAA7C778E51}"
EndProject
Project("{2150E333-8FDC-42A3-9474-1A3956D46DE8}") = "2. DataAccess", "2. DataAccess", "{C5EC5301-7456-4C89-9916-18D5ED9821B3}"
EndProject
Project("{9A19103F-16F7-4668-BE54-9A1E7A4F7556}") = "BankApp.DataAccess", "BankApp.DataAccess\BankApp.DataAccess.csproj", "{E9C59EBC-4262-43A6-99D5-CD07E2A49DA6}"
EndProject
Project("{9A19103F-16F7-4668-BE54-9A1E7A4F7556}") = "BankApp.Utils", "BankApp.Utils\BankApp.Utils.csproj", "{4306FFB9-7FEF-4823-A7DE-B899C80AE87B}"
EndProject
Project("{9A19103F-16F7-4668-BE54-9A1E7A4F7556}") = "BankApp.Initializer", "BankApp.Initializer\BankApp.Initializer.csproj", "{53CE6651-E47C-42DA-A15C-7E7E0FE915B6}"
EndProject
Project("{2150E333-8FDC-42A3-9474-1A3956D46DE8}") = "BankApp1", "BankApp1", "{86230BBC-0774-4855-B192-3E970F594B45}"
	ProjectSection(SolutionItems) = preProject
		appsettings.json = appsettings.json
	EndProjectSection
EndProject
Global
	GlobalSection(SolutionConfigurationPlatforms) = preSolution
		Debug|Any CPU = Debug|Any CPU
		Release|Any CPU = Release|Any CPU
	EndGlobalSection
	GlobalSection(ProjectConfigurationPlatforms) = postSolution
		{A3F599A2-AE57-4EC6-97B2-2C0031114AB0}.Debug|Any CPU.ActiveCfg = Debug|Any CPU
		{A3F599A2-AE57-4EC6-97B2-2C0031114AB0}.Debug|Any CPU.Build.0 = Debug|Any CPU
		{A3F599A2-AE57-4EC6-97B2-2C0031114AB0}.Release|Any CPU.ActiveCfg = Release|Any CPU
		{A3F599A2-AE57-4EC6-97B2-2C0031114AB0}.Release|Any CPU.Build.0 = Release|Any CPU
		{96BF224F-1D0A-47D1-BA7C-574DA5D0A8A4}.Debug|Any CPU.ActiveCfg = Debug|Any CPU
		{96BF224F-1D0A-47D1-BA7C-574DA5D0A8A4}.Debug|Any CPU.Build.0 = Debug|Any CPU
		{96BF224F-1D0A-47D1-BA7C-574DA5D0A8A4}.Release|Any CPU.ActiveCfg = Release|Any CPU
		{96BF224F-1D0A-47D1-BA7C-574DA5D0A8A4}.Release|Any CPU.Build.0 = Release|Any CPU
		{E9C59EBC-4262-43A6-99D5-CD07E2A49DA6}.Debug|Any CPU.ActiveCfg = Debug|Any CPU
		{E9C59EBC-4262-43A6-99D5-CD07E2A49DA6}.Debug|Any CPU.Build.0 = Debug|Any CPU
		{E9C59EBC-4262-43A6-99D5-CD07E2A49DA6}.Release|Any CPU.ActiveCfg = Release|Any CPU
		{E9C59EBC-4262-43A6-99D5-CD07E2A49DA6}.Release|Any CPU.Build.0 = Release|Any CPU
		{4306FFB9-7FEF-4823-A7DE-B899C80AE87B}.Debug|Any CPU.ActiveCfg = Debug|Any CPU
		{4306FFB9-7FEF-4823-A7DE-B899C80AE87B}.Debug|Any CPU.Build.0 = Debug|Any CPU
		{4306FFB9-7FEF-4823-A7DE-B899C80AE87B}.Release|Any CPU.ActiveCfg = Release|Any CPU
		{4306FFB9-7FEF-4823-A7DE-B899C80AE87B}.Release|Any CPU.Build.0 = Release|Any CPU
		{53CE6651-E47C-42DA-A15C-7E7E0FE915B6}.Debug|Any CPU.ActiveCfg = Debug|Any CPU
		{53CE6651-E47C-42DA-A15C-7E7E0FE915B6}.Debug|Any CPU.Build.0 = Debug|Any CPU
		{53CE6651-E47C-42DA-A15C-7E7E0FE915B6}.Release|Any CPU.ActiveCfg = Release|Any CPU
		{53CE6651-E47C-42DA-A15C-7E7E0FE915B6}.Release|Any CPU.Build.0 = Release|Any CPU
	EndGlobalSection
	GlobalSection(SolutionProperties) = preSolution
		HideSolutionNode = FALSE
	EndGlobalSection
	GlobalSection(NestedProjects) = preSolution
		{A3F599A2-AE57-4EC6-97B2-2C0031114AB0} = {86230BBC-0774-4855-B192-3E970F594B45}
		{96BF224F-1D0A-47D1-BA7C-574DA5D0A8A4} = {D3898707-5C83-4F11-A7EF-9CAA7C778E51}
		{D3898707-5C83-4F11-A7EF-9CAA7C778E51} = {86230BBC-0774-4855-B192-3E970F594B45}
		{C5EC5301-7456-4C89-9916-18D5ED9821B3} = {86230BBC-0774-4855-B192-3E970F594B45}
		{E9C59EBC-4262-43A6-99D5-CD07E2A49DA6} = {C5EC5301-7456-4C89-9916-18D5ED9821B3}
		{53CE6651-E47C-42DA-A15C-7E7E0FE915B6} = {86230BBC-0774-4855-B192-3E970F594B45}
	EndGlobalSection
	GlobalSection(ExtensibilityGlobals) = postSolution
		SolutionGuid = {313A6A1A-BBCC-4C48-85F6-D07A8F2465D4}
	EndGlobalSection
EndGlobal
