
Microsoft Visual Studio Solution File, Format Version 12.00
# Visual Studio 15
VisualStudioVersion = 15.0.28010.2016
MinimumVisualStudioVersion = 10.0.40219.1
Project("{9A19103F-16F7-4668-BE54-9A1E7A4F7556}") = "BankApp", "BankApp\BankApp.csproj", "{A3F599A2-AE57-4EC6-97B2-2C0031114AB0}"
EndProject
Project("{2150E333-8FDC-42A3-9474-1A3956D46DE8}") = "0. Configs", "0. Configs", "{C298EEB2-77CB-48A9-87B5-4D733E1B1E4D}"
	ProjectSection(SolutionItems) = preProject
		appsettings.json = appsettings.json
	EndProjectSection
EndProject
Global
	GlobalSection(SolutionConfigurationPlatforms) = preSolution
		Debug|Any CPU = Debug|Any CPU
		Release|Any CPU = Release|Any CPU
	EndGlobalSection
	GlobalSection(ProjectConfigurationPlatforms) = postSolution
		{A3F599A2-AE57-4EC6-97B2-2C0031114AB0}.Debug|Any CPU.ActiveCfg = Debug|Any CPU
		{A3F599A2-AE57-4EC6-97B2-2C0031114AB0}.Debug|Any CPU.Build.0 = Debug|Any CPU
		{A3F599A2-AE57-4EC6-97B2-2C0031114AB0}.Release|Any CPU.ActiveCfg = Release|Any CPU
		{A3F599A2-AE57-4EC6-97B2-2C0031114AB0}.Release|Any CPU.Build.0 = Release|Any CPU
	EndGlobalSection
	GlobalSection(SolutionProperties) = preSolution
		HideSolutionNode = FALSE
	EndGlobalSection
	GlobalSection(ExtensibilityGlobals) = postSolution
		SolutionGuid = {313A6A1A-BBCC-4C48-85F6-D07A8F2465D4}
	EndGlobalSection
EndGlobal
