
Microsoft Visual Studio Solution File, Format Version 12.00
# Visual Studio 15
VisualStudioVersion = 15.0.28010.2016
MinimumVisualStudioVersion = 10.0.40219.1
Project("{9A19103F-16F7-4668-BE54-9A1E7A4F7556}") = "DataProcessing.Utils", "DataProcessing.Utils\DataProcessing.Utils.csproj", "{4306FFB9-7FEF-4823-A7DE-B899C80AE87B}"
EndProject
Project("{2150E333-8FDC-42A3-9474-1A3956D46DE8}") = "0.1. Shared", "0.1. Shared", "{78E12F48-1F65-49A6-8579-BEA5C30EB803}"
	ProjectSection(SolutionItems) = preProject
		appsettings.json = appsettings.json
	EndProjectSection
EndProject
Project("{9A19103F-16F7-4668-BE54-9A1E7A4F7556}") = "BankApp8.Main", "BankApp8.Main\BankApp8.Main.csproj", "{70CF2D08-D88C-4611-908A-060C019E914C}"
EndProject
Project("{9A19103F-16F7-4668-BE54-9A1E7A4F7556}") = "BankApp3.Main", "BankApp3.Main\BankApp3.Main.csproj", "{25AD0B42-E9E8-43CF-BC63-F3604D7FEB36}"
EndProject
Project("{9A19103F-16F7-4668-BE54-9A1E7A4F7556}") = "BankApp.Domain.WideKeys", "BankApp.Domain.WideKeys\BankApp.Domain.WideKeys.csproj", "{A3AD8D1B-FE01-49F5-A192-D9CC9B4BD427}"
EndProject
Project("{9A19103F-16F7-4668-BE54-9A1E7A4F7556}") = "BankApp.Domain.SurrogateKeys", "BankApp.Domain.SurrogateKeys\BankApp.Domain.SurrogateKeys.csproj", "{AD8A5988-88AA-4C64-B26E-431524B70B29}"
EndProject
Project("{9A19103F-16F7-4668-BE54-9A1E7A4F7556}") = "BankApp.DataAccess.SurrogateKeys", "BankApp.DataAccess.SurrogateKeys\BankApp.DataAccess.SurrogateKeys.csproj", "{52EBCA7F-06A1-430E-9217-4D38219AB852}"
EndProject
Project("{9A19103F-16F7-4668-BE54-9A1E7A4F7556}") = "BankApp.DataAccess.WideKeys", "BankApp.DataAccess.WideKeys\BankApp.DataAccess.WideKeys.csproj", "{C29A1090-FCF8-4461-869F-A33C871F767A}"
EndProject
Project("{9A19103F-16F7-4668-BE54-9A1E7A4F7556}") = "BankApp.DataAccess.Partitioned", "BankApp.DataAccess.Partitioned\BankApp.DataAccess.Partitioned.csproj", "{5339F646-EF55-40A2-85F7-30356EB3DA37}"
EndProject
Project("{2150E333-8FDC-42A3-9474-1A3956D46DE8}") = "2.1. ClientLoansCalculator1", "2.1. ClientLoansCalculator1", "{20FE765C-19D4-4BFC-B89F-C65B91185145}"
EndProject
Project("{9A19103F-16F7-4668-BE54-9A1E7A4F7556}") = "ClientLoansCalculator1", "ClientLoansCalculator1\ClientLoansCalculator1.csproj", "{3CEBC61C-A07A-4134-AEA9-DAF0A6BAE97C}"
EndProject
Project("{2150E333-8FDC-42A3-9474-1A3956D46DE8}") = "2.2. ClientLoansCalculator2", "2.2. ClientLoansCalculator2", "{FB2CA548-A6AA-4531-A678-5A978751482B}"
EndProject
Project("{9A19103F-16F7-4668-BE54-9A1E7A4F7556}") = "ClientLoansCalculator2", "ClientLoansCalculator2\ClientLoansCalculator2.csproj", "{4110675F-B6A6-489F-8AE7-E745C9BE3CD8}"
EndProject
Project("{9A19103F-16F7-4668-BE54-9A1E7A4F7556}") = "BankApp.DbSeeding.WideKeys", "BankApp.DbSeeding.WideKeys\BankApp.DbSeeding.WideKeys.csproj", "{55863B72-BC1B-46A3-B062-56AC2736D6E3}"
EndProject
Project("{2150E333-8FDC-42A3-9474-1A3956D46DE8}") = "0.2 SurrogateKeys", "0.2 SurrogateKeys", "{0023FB36-8D5E-45C6-89FF-F65331515EA2}"
EndProject
Project("{2150E333-8FDC-42A3-9474-1A3956D46DE8}") = "0.3 WideKeys", "0.3 WideKeys", "{777FE53D-1DB6-4E7D-9FBC-61AE72D0B712}"
EndProject
Project("{2150E333-8FDC-42A3-9474-1A3956D46DE8}") = "0.4 Partitioned", "0.4 Partitioned", "{A50B50A3-F4DC-458A-A73B-02ABA4F916AA}"
EndProject
Project("{9A19103F-16F7-4668-BE54-9A1E7A4F7556}") = "BankApp.DbSeeding.SurrogateKeys", "BankApp.DbSeeding.SurrogateKeys\BankApp.DbSeeding.SurrogateKeys.csproj", "{E943C5B9-55A4-49B1-B52B-D74245142824}"
EndProject
Project("{9A19103F-16F7-4668-BE54-9A1E7A4F7556}") = "BankApp.DbSeeding.Partitioned", "BankApp.DbSeeding.Partitioned\BankApp.DbSeeding.Partitioned.csproj", "{F9C4DC01-8E4D-4EF5-B802-BC63F331F7CD}"
EndProject
Project("{2150E333-8FDC-42A3-9474-1A3956D46DE8}") = "1.1. TotalLoanCalculator1", "1.1. TotalLoanCalculator1", "{E9499713-7475-4B64-9706-156DA5F6F5C6}"
EndProject
Project("{9A19103F-16F7-4668-BE54-9A1E7A4F7556}") = "TotalLoanCalculator1", "TotalLoanCalculator1\TotalLoanCalculator1.csproj", "{4B1228E4-C90E-404F-93E5-F999AF516F18}"
EndProject
Project("{2150E333-8FDC-42A3-9474-1A3956D46DE8}") = "8. Obsolete", "8. Obsolete", "{AA045E39-06DD-4A75-8224-A9D98A7FFFA6}"
EndProject
Project("{2150E333-8FDC-42A3-9474-1A3956D46DE8}") = "1.3. TotalLoanCalculator3", "1.3. TotalLoanCalculator3", "{25BCEE77-4F93-490E-B7CF-FD3F72521BEB}"
EndProject
Project("{2150E333-8FDC-42A3-9474-1A3956D46DE8}") = "1.4. TotalLoanCalculator4", "1.4. TotalLoanCalculator4", "{1821BB97-8F6B-4450-9E07-6FF1B932AA4C}"
EndProject
Project("{9A19103F-16F7-4668-BE54-9A1E7A4F7556}") = "TotalLoanCalculator3", "TotalLoanCalculator3\TotalLoanCalculator3.csproj", "{55888899-756F-405F-807F-53349E3D7005}"
EndProject
Project("{9A19103F-16F7-4668-BE54-9A1E7A4F7556}") = "TotalLoanCalculator4", "TotalLoanCalculator4\TotalLoanCalculator4.csproj", "{EA85C729-76F5-48CA-BCDB-14F10E24F092}"
EndProject
Project("{2150E333-8FDC-42A3-9474-1A3956D46DE8}") = "1.2. TotalLoanCalculator2", "1.2. TotalLoanCalculator2", "{75D8500D-9623-40C4-AD39-99C2DC03A89F}"
EndProject
Project("{9A19103F-16F7-4668-BE54-9A1E7A4F7556}") = "TotalLoanCalculator2", "TotalLoanCalculator2\TotalLoanCalculator2.csproj", "{ACCFB0CD-C03B-4C26-B731-1DA54D154787}"
EndProject
Project("{9A19103F-16F7-4668-BE54-9A1E7A4F7556}") = "BankApp.DbSeeding.WideKeysNoFk", "BankApp.DbSeeding.WideKeysNoFk\BankApp.DbSeeding.WideKeysNoFk.csproj", "{E20B1323-D8E2-45C5-8946-1A19B126C2DB}"
EndProject
Project("{9A19103F-16F7-4668-BE54-9A1E7A4F7556}") = "BankApp.DbSeeding.WideKeysNoPkFk", "BankApp.DbSeeding.WideKeysNoPkFk\BankApp.DbSeeding.WideKeysNoPkFk.csproj", "{1555FDBA-A622-45C0-BF4F-E876CCD7A88C}"
EndProject
Project("{2150E333-8FDC-42A3-9474-1A3956D46DE8}") = "2.3. ClientLoansCalculator3", "2.3. ClientLoansCalculator3", "{FC4FC498-5589-4E8D-8B58-D10CFCB5F829}"
EndProject
Project("{9A19103F-16F7-4668-BE54-9A1E7A4F7556}") = "ClientLoansCalculator3", "ClientLoansCalculator3\ClientLoansCalculator3.csproj", "{EC711504-03DE-4D15-A499-A9E04B27B0D6}"
EndProject
Project("{2150E333-8FDC-42A3-9474-1A3956D46DE8}") = "3.1. ClientLoansCalculationDeleter1", "3.1. ClientLoansCalculationDeleter1", "{D8D92491-AE59-496F-86A6-7EF566D8B62D}"
EndProject
Project("{9A19103F-16F7-4668-BE54-9A1E7A4F7556}") = "ClientLoansCalculationDeleter1", "ClientLoansCalculationDeleter1\ClientLoansCalculationDeleter1.csproj", "{D695B1F5-9720-4B76-B634-39CB117DF0D4}"
EndProject
Project("{2150E333-8FDC-42A3-9474-1A3956D46DE8}") = "3.2. ClientLoansCalculationDeleter2", "3.2. ClientLoansCalculationDeleter2", "{1632A425-CA02-49C9-B025-F8D9E0FF3781}"
EndProject
Project("{FAE04EC0-301F-11D3-BF4B-00C04F79EFBC}") = "ClientLoansCalculationDeleter2", "ClientLoansCalculationDeleter2\ClientLoansCalculationDeleter2.csproj", "{D7D6799C-BFF9-424D-998E-F0992414E5D3}"
EndProject
Global
	GlobalSection(SolutionConfigurationPlatforms) = preSolution
		Debug|Any CPU = Debug|Any CPU
		Release|Any CPU = Release|Any CPU
	EndGlobalSection
	GlobalSection(ProjectConfigurationPlatforms) = postSolution
		{4306FFB9-7FEF-4823-A7DE-B899C80AE87B}.Debug|Any CPU.ActiveCfg = Debug|Any CPU
		{4306FFB9-7FEF-4823-A7DE-B899C80AE87B}.Debug|Any CPU.Build.0 = Debug|Any CPU
		{4306FFB9-7FEF-4823-A7DE-B899C80AE87B}.Release|Any CPU.ActiveCfg = Release|Any CPU
		{4306FFB9-7FEF-4823-A7DE-B899C80AE87B}.Release|Any CPU.Build.0 = Release|Any CPU
		{70CF2D08-D88C-4611-908A-060C019E914C}.Debug|Any CPU.ActiveCfg = Debug|Any CPU
		{70CF2D08-D88C-4611-908A-060C019E914C}.Debug|Any CPU.Build.0 = Debug|Any CPU
		{70CF2D08-D88C-4611-908A-060C019E914C}.Release|Any CPU.ActiveCfg = Release|Any CPU
		{70CF2D08-D88C-4611-908A-060C019E914C}.Release|Any CPU.Build.0 = Release|Any CPU
		{25AD0B42-E9E8-43CF-BC63-F3604D7FEB36}.Debug|Any CPU.ActiveCfg = Debug|Any CPU
		{25AD0B42-E9E8-43CF-BC63-F3604D7FEB36}.Debug|Any CPU.Build.0 = Debug|Any CPU
		{25AD0B42-E9E8-43CF-BC63-F3604D7FEB36}.Release|Any CPU.ActiveCfg = Release|Any CPU
		{25AD0B42-E9E8-43CF-BC63-F3604D7FEB36}.Release|Any CPU.Build.0 = Release|Any CPU
		{A3AD8D1B-FE01-49F5-A192-D9CC9B4BD427}.Debug|Any CPU.ActiveCfg = Debug|Any CPU
		{A3AD8D1B-FE01-49F5-A192-D9CC9B4BD427}.Debug|Any CPU.Build.0 = Debug|Any CPU
		{A3AD8D1B-FE01-49F5-A192-D9CC9B4BD427}.Release|Any CPU.ActiveCfg = Release|Any CPU
		{A3AD8D1B-FE01-49F5-A192-D9CC9B4BD427}.Release|Any CPU.Build.0 = Release|Any CPU
		{AD8A5988-88AA-4C64-B26E-431524B70B29}.Debug|Any CPU.ActiveCfg = Debug|Any CPU
		{AD8A5988-88AA-4C64-B26E-431524B70B29}.Debug|Any CPU.Build.0 = Debug|Any CPU
		{AD8A5988-88AA-4C64-B26E-431524B70B29}.Release|Any CPU.ActiveCfg = Release|Any CPU
		{AD8A5988-88AA-4C64-B26E-431524B70B29}.Release|Any CPU.Build.0 = Release|Any CPU
		{52EBCA7F-06A1-430E-9217-4D38219AB852}.Debug|Any CPU.ActiveCfg = Debug|Any CPU
		{52EBCA7F-06A1-430E-9217-4D38219AB852}.Debug|Any CPU.Build.0 = Debug|Any CPU
		{52EBCA7F-06A1-430E-9217-4D38219AB852}.Release|Any CPU.ActiveCfg = Release|Any CPU
		{52EBCA7F-06A1-430E-9217-4D38219AB852}.Release|Any CPU.Build.0 = Release|Any CPU
		{C29A1090-FCF8-4461-869F-A33C871F767A}.Debug|Any CPU.ActiveCfg = Debug|Any CPU
		{C29A1090-FCF8-4461-869F-A33C871F767A}.Debug|Any CPU.Build.0 = Debug|Any CPU
		{C29A1090-FCF8-4461-869F-A33C871F767A}.Release|Any CPU.ActiveCfg = Release|Any CPU
		{C29A1090-FCF8-4461-869F-A33C871F767A}.Release|Any CPU.Build.0 = Release|Any CPU
		{5339F646-EF55-40A2-85F7-30356EB3DA37}.Debug|Any CPU.ActiveCfg = Debug|Any CPU
		{5339F646-EF55-40A2-85F7-30356EB3DA37}.Debug|Any CPU.Build.0 = Debug|Any CPU
		{5339F646-EF55-40A2-85F7-30356EB3DA37}.Release|Any CPU.ActiveCfg = Release|Any CPU
		{5339F646-EF55-40A2-85F7-30356EB3DA37}.Release|Any CPU.Build.0 = Release|Any CPU
		{3CEBC61C-A07A-4134-AEA9-DAF0A6BAE97C}.Debug|Any CPU.ActiveCfg = Debug|Any CPU
		{3CEBC61C-A07A-4134-AEA9-DAF0A6BAE97C}.Debug|Any CPU.Build.0 = Debug|Any CPU
		{3CEBC61C-A07A-4134-AEA9-DAF0A6BAE97C}.Release|Any CPU.ActiveCfg = Release|Any CPU
		{3CEBC61C-A07A-4134-AEA9-DAF0A6BAE97C}.Release|Any CPU.Build.0 = Release|Any CPU
		{4110675F-B6A6-489F-8AE7-E745C9BE3CD8}.Debug|Any CPU.ActiveCfg = Debug|Any CPU
		{4110675F-B6A6-489F-8AE7-E745C9BE3CD8}.Debug|Any CPU.Build.0 = Debug|Any CPU
		{4110675F-B6A6-489F-8AE7-E745C9BE3CD8}.Release|Any CPU.ActiveCfg = Release|Any CPU
		{4110675F-B6A6-489F-8AE7-E745C9BE3CD8}.Release|Any CPU.Build.0 = Release|Any CPU
		{55863B72-BC1B-46A3-B062-56AC2736D6E3}.Debug|Any CPU.ActiveCfg = Debug|Any CPU
		{55863B72-BC1B-46A3-B062-56AC2736D6E3}.Debug|Any CPU.Build.0 = Debug|Any CPU
		{55863B72-BC1B-46A3-B062-56AC2736D6E3}.Release|Any CPU.ActiveCfg = Release|Any CPU
		{55863B72-BC1B-46A3-B062-56AC2736D6E3}.Release|Any CPU.Build.0 = Release|Any CPU
		{E943C5B9-55A4-49B1-B52B-D74245142824}.Debug|Any CPU.ActiveCfg = Debug|Any CPU
		{E943C5B9-55A4-49B1-B52B-D74245142824}.Debug|Any CPU.Build.0 = Debug|Any CPU
		{E943C5B9-55A4-49B1-B52B-D74245142824}.Release|Any CPU.ActiveCfg = Release|Any CPU
		{E943C5B9-55A4-49B1-B52B-D74245142824}.Release|Any CPU.Build.0 = Release|Any CPU
		{F9C4DC01-8E4D-4EF5-B802-BC63F331F7CD}.Debug|Any CPU.ActiveCfg = Debug|Any CPU
		{F9C4DC01-8E4D-4EF5-B802-BC63F331F7CD}.Debug|Any CPU.Build.0 = Debug|Any CPU
		{F9C4DC01-8E4D-4EF5-B802-BC63F331F7CD}.Release|Any CPU.ActiveCfg = Release|Any CPU
		{F9C4DC01-8E4D-4EF5-B802-BC63F331F7CD}.Release|Any CPU.Build.0 = Release|Any CPU
		{4B1228E4-C90E-404F-93E5-F999AF516F18}.Debug|Any CPU.ActiveCfg = Debug|Any CPU
		{4B1228E4-C90E-404F-93E5-F999AF516F18}.Debug|Any CPU.Build.0 = Debug|Any CPU
		{4B1228E4-C90E-404F-93E5-F999AF516F18}.Release|Any CPU.ActiveCfg = Release|Any CPU
		{4B1228E4-C90E-404F-93E5-F999AF516F18}.Release|Any CPU.Build.0 = Release|Any CPU
		{55888899-756F-405F-807F-53349E3D7005}.Debug|Any CPU.ActiveCfg = Debug|Any CPU
		{55888899-756F-405F-807F-53349E3D7005}.Debug|Any CPU.Build.0 = Debug|Any CPU
		{55888899-756F-405F-807F-53349E3D7005}.Release|Any CPU.ActiveCfg = Release|Any CPU
		{55888899-756F-405F-807F-53349E3D7005}.Release|Any CPU.Build.0 = Release|Any CPU
		{EA85C729-76F5-48CA-BCDB-14F10E24F092}.Debug|Any CPU.ActiveCfg = Debug|Any CPU
		{EA85C729-76F5-48CA-BCDB-14F10E24F092}.Debug|Any CPU.Build.0 = Debug|Any CPU
		{EA85C729-76F5-48CA-BCDB-14F10E24F092}.Release|Any CPU.ActiveCfg = Release|Any CPU
		{EA85C729-76F5-48CA-BCDB-14F10E24F092}.Release|Any CPU.Build.0 = Release|Any CPU
		{ACCFB0CD-C03B-4C26-B731-1DA54D154787}.Debug|Any CPU.ActiveCfg = Debug|Any CPU
		{ACCFB0CD-C03B-4C26-B731-1DA54D154787}.Debug|Any CPU.Build.0 = Debug|Any CPU
		{ACCFB0CD-C03B-4C26-B731-1DA54D154787}.Release|Any CPU.ActiveCfg = Release|Any CPU
		{ACCFB0CD-C03B-4C26-B731-1DA54D154787}.Release|Any CPU.Build.0 = Release|Any CPU
		{E20B1323-D8E2-45C5-8946-1A19B126C2DB}.Debug|Any CPU.ActiveCfg = Debug|Any CPU
		{E20B1323-D8E2-45C5-8946-1A19B126C2DB}.Debug|Any CPU.Build.0 = Debug|Any CPU
		{E20B1323-D8E2-45C5-8946-1A19B126C2DB}.Release|Any CPU.ActiveCfg = Release|Any CPU
		{E20B1323-D8E2-45C5-8946-1A19B126C2DB}.Release|Any CPU.Build.0 = Release|Any CPU
		{1555FDBA-A622-45C0-BF4F-E876CCD7A88C}.Debug|Any CPU.ActiveCfg = Debug|Any CPU
		{1555FDBA-A622-45C0-BF4F-E876CCD7A88C}.Debug|Any CPU.Build.0 = Debug|Any CPU
		{1555FDBA-A622-45C0-BF4F-E876CCD7A88C}.Release|Any CPU.ActiveCfg = Release|Any CPU
		{1555FDBA-A622-45C0-BF4F-E876CCD7A88C}.Release|Any CPU.Build.0 = Release|Any CPU
		{EC711504-03DE-4D15-A499-A9E04B27B0D6}.Debug|Any CPU.ActiveCfg = Debug|Any CPU
		{EC711504-03DE-4D15-A499-A9E04B27B0D6}.Debug|Any CPU.Build.0 = Debug|Any CPU
		{EC711504-03DE-4D15-A499-A9E04B27B0D6}.Release|Any CPU.ActiveCfg = Release|Any CPU
		{EC711504-03DE-4D15-A499-A9E04B27B0D6}.Release|Any CPU.Build.0 = Release|Any CPU
		{D695B1F5-9720-4B76-B634-39CB117DF0D4}.Debug|Any CPU.ActiveCfg = Debug|Any CPU
		{D695B1F5-9720-4B76-B634-39CB117DF0D4}.Debug|Any CPU.Build.0 = Debug|Any CPU
		{D695B1F5-9720-4B76-B634-39CB117DF0D4}.Release|Any CPU.ActiveCfg = Release|Any CPU
		{D695B1F5-9720-4B76-B634-39CB117DF0D4}.Release|Any CPU.Build.0 = Release|Any CPU
		{D7D6799C-BFF9-424D-998E-F0992414E5D3}.Debug|Any CPU.ActiveCfg = Debug|Any CPU
		{D7D6799C-BFF9-424D-998E-F0992414E5D3}.Debug|Any CPU.Build.0 = Debug|Any CPU
		{D7D6799C-BFF9-424D-998E-F0992414E5D3}.Release|Any CPU.ActiveCfg = Release|Any CPU
		{D7D6799C-BFF9-424D-998E-F0992414E5D3}.Release|Any CPU.Build.0 = Release|Any CPU
	EndGlobalSection
	GlobalSection(SolutionProperties) = preSolution
		HideSolutionNode = FALSE
	EndGlobalSection
	GlobalSection(NestedProjects) = preSolution
		{4306FFB9-7FEF-4823-A7DE-B899C80AE87B} = {78E12F48-1F65-49A6-8579-BEA5C30EB803}
		{70CF2D08-D88C-4611-908A-060C019E914C} = {AA045E39-06DD-4A75-8224-A9D98A7FFFA6}
		{25AD0B42-E9E8-43CF-BC63-F3604D7FEB36} = {AA045E39-06DD-4A75-8224-A9D98A7FFFA6}
		{A3AD8D1B-FE01-49F5-A192-D9CC9B4BD427} = {777FE53D-1DB6-4E7D-9FBC-61AE72D0B712}
		{AD8A5988-88AA-4C64-B26E-431524B70B29} = {0023FB36-8D5E-45C6-89FF-F65331515EA2}
		{52EBCA7F-06A1-430E-9217-4D38219AB852} = {0023FB36-8D5E-45C6-89FF-F65331515EA2}
		{C29A1090-FCF8-4461-869F-A33C871F767A} = {777FE53D-1DB6-4E7D-9FBC-61AE72D0B712}
		{5339F646-EF55-40A2-85F7-30356EB3DA37} = {A50B50A3-F4DC-458A-A73B-02ABA4F916AA}
		{3CEBC61C-A07A-4134-AEA9-DAF0A6BAE97C} = {20FE765C-19D4-4BFC-B89F-C65B91185145}
		{4110675F-B6A6-489F-8AE7-E745C9BE3CD8} = {FB2CA548-A6AA-4531-A678-5A978751482B}
		{55863B72-BC1B-46A3-B062-56AC2736D6E3} = {777FE53D-1DB6-4E7D-9FBC-61AE72D0B712}
		{E943C5B9-55A4-49B1-B52B-D74245142824} = {0023FB36-8D5E-45C6-89FF-F65331515EA2}
		{F9C4DC01-8E4D-4EF5-B802-BC63F331F7CD} = {A50B50A3-F4DC-458A-A73B-02ABA4F916AA}
		{4B1228E4-C90E-404F-93E5-F999AF516F18} = {E9499713-7475-4B64-9706-156DA5F6F5C6}
		{55888899-756F-405F-807F-53349E3D7005} = {25BCEE77-4F93-490E-B7CF-FD3F72521BEB}
		{EA85C729-76F5-48CA-BCDB-14F10E24F092} = {1821BB97-8F6B-4450-9E07-6FF1B932AA4C}
		{ACCFB0CD-C03B-4C26-B731-1DA54D154787} = {75D8500D-9623-40C4-AD39-99C2DC03A89F}
		{E20B1323-D8E2-45C5-8946-1A19B126C2DB} = {777FE53D-1DB6-4E7D-9FBC-61AE72D0B712}
		{1555FDBA-A622-45C0-BF4F-E876CCD7A88C} = {777FE53D-1DB6-4E7D-9FBC-61AE72D0B712}
		{EC711504-03DE-4D15-A499-A9E04B27B0D6} = {FC4FC498-5589-4E8D-8B58-D10CFCB5F829}
		{D695B1F5-9720-4B76-B634-39CB117DF0D4} = {D8D92491-AE59-496F-86A6-7EF566D8B62D}
		{D7D6799C-BFF9-424D-998E-F0992414E5D3} = {1632A425-CA02-49C9-B025-F8D9E0FF3781}
	EndGlobalSection
	GlobalSection(ExtensibilityGlobals) = postSolution
		SolutionGuid = {313A6A1A-BBCC-4C48-85F6-D07A8F2465D4}
	EndGlobalSection
EndGlobal
