
Microsoft Visual Studio Solution File, Format Version 12.00
# Visual Studio 15
VisualStudioVersion = 15.0.28010.2016
MinimumVisualStudioVersion = 10.0.40219.1
Project("{9A19103F-16F7-4668-BE54-9A1E7A4F7556}") = "DataProcessing.Utils", "DataProcessing.Utils\DataProcessing.Utils.csproj", "{4306FFB9-7FEF-4823-A7DE-B899C80AE87B}"
EndProject
Project("{2150E333-8FDC-42A3-9474-1A3956D46DE8}") = "3.1. BankApp8", "3.1. BankApp8", "{4699ED22-9C8B-447C-9F30-CE39AA4668E1}"
EndProject
Project("{2150E333-8FDC-42A3-9474-1A3956D46DE8}") = "0.1. Shared", "0.1. Shared", "{78E12F48-1F65-49A6-8579-BEA5C30EB803}"
	ProjectSection(SolutionItems) = preProject
		appsettings.json = appsettings.json
	EndProjectSection
EndProject
Project("{9A19103F-16F7-4668-BE54-9A1E7A4F7556}") = "BankApp8.Main", "BankApp8.Main\BankApp8.Main.csproj", "{70CF2D08-D88C-4611-908A-060C019E914C}"
EndProject
Project("{2150E333-8FDC-42A3-9474-1A3956D46DE8}") = "1.1. BankApp1", "1.1. BankApp1", "{6CFC5F60-792F-494E-9D43-158547E5970F}"
EndProject
Project("{9A19103F-16F7-4668-BE54-9A1E7A4F7556}") = "BankApp1.Main", "BankApp1.Main\BankApp1.Main.csproj", "{60B9DC39-EF69-472C-845B-5D916F818CA4}"
EndProject
Project("{2150E333-8FDC-42A3-9474-1A3956D46DE8}") = "1.2. BankApp3", "1.2. BankApp3", "{699D6759-F017-4B86-AD76-990907DD0AEF}"
EndProject
Project("{9A19103F-16F7-4668-BE54-9A1E7A4F7556}") = "BankApp3.Main", "BankApp3.Main\BankApp3.Main.csproj", "{25AD0B42-E9E8-43CF-BC63-F3604D7FEB36}"
EndProject
Project("{9A19103F-16F7-4668-BE54-9A1E7A4F7556}") = "BankApp.Domain.WideKeys", "BankApp.Domain.WideKeys\BankApp.Domain.WideKeys.csproj", "{A3AD8D1B-FE01-49F5-A192-D9CC9B4BD427}"
EndProject
Project("{9A19103F-16F7-4668-BE54-9A1E7A4F7556}") = "BankApp.Domain.SurrogateKeys", "BankApp.Domain.SurrogateKeys\BankApp.Domain.SurrogateKeys.csproj", "{AD8A5988-88AA-4C64-B26E-431524B70B29}"
EndProject
Project("{9A19103F-16F7-4668-BE54-9A1E7A4F7556}") = "BankApp.DataAccess.SurrogateKeys", "BankApp.DataAccess.SurrogateKeys\BankApp.DataAccess.SurrogateKeys.csproj", "{52EBCA7F-06A1-430E-9217-4D38219AB852}"
EndProject
Project("{9A19103F-16F7-4668-BE54-9A1E7A4F7556}") = "BankApp.DataAccess.WideKeys", "BankApp.DataAccess.WideKeys\BankApp.DataAccess.WideKeys.csproj", "{C29A1090-FCF8-4461-869F-A33C871F767A}"
EndProject
Project("{9A19103F-16F7-4668-BE54-9A1E7A4F7556}") = "BankApp.DataAccess.Partitioned", "BankApp.DataAccess.Partitioned\BankApp.DataAccess.Partitioned.csproj", "{5339F646-EF55-40A2-85F7-30356EB3DA37}"
EndProject
Project("{2150E333-8FDC-42A3-9474-1A3956D46DE8}") = "2.1. ClientLoanCalculator1", "2.1. ClientLoanCalculator1", "{20FE765C-19D4-4BFC-B89F-C65B91185145}"
EndProject
Project("{9A19103F-16F7-4668-BE54-9A1E7A4F7556}") = "ClientLoanCalculator1", "ClientLoanCalculator1\ClientLoanCalculator1.csproj", "{3CEBC61C-A07A-4134-AEA9-DAF0A6BAE97C}"
EndProject
Project("{2150E333-8FDC-42A3-9474-1A3956D46DE8}") = "2.2. ClientLoanCalculator2", "2.2. ClientLoanCalculator2", "{FB2CA548-A6AA-4531-A678-5A978751482B}"
EndProject
Project("{FAE04EC0-301F-11D3-BF4B-00C04F79EFBC}") = "ClientLoanCalculator2", "ClientLoanCalculator2\ClientLoanCalculator2.csproj", "{4110675F-B6A6-489F-8AE7-E745C9BE3CD8}"
EndProject
Project("{FAE04EC0-301F-11D3-BF4B-00C04F79EFBC}") = "BankApp.DbSeeding.WideKeys", "BankApp.DbSeeding.WideKeys\BankApp.DbSeeding.WideKeys.csproj", "{55863B72-BC1B-46A3-B062-56AC2736D6E3}"
EndProject
Project("{2150E333-8FDC-42A3-9474-1A3956D46DE8}") = "0.2 SurrogateKeys", "0.2 SurrogateKeys", "{0023FB36-8D5E-45C6-89FF-F65331515EA2}"
EndProject
Project("{2150E333-8FDC-42A3-9474-1A3956D46DE8}") = "0.3 WideKeys", "0.3 WideKeys", "{777FE53D-1DB6-4E7D-9FBC-61AE72D0B712}"
EndProject
Project("{2150E333-8FDC-42A3-9474-1A3956D46DE8}") = "0.4 Partitioned", "0.4 Partitioned", "{A50B50A3-F4DC-458A-A73B-02ABA4F916AA}"
EndProject
Project("{FAE04EC0-301F-11D3-BF4B-00C04F79EFBC}") = "BankApp.DbSeeding.SurrogateKeys", "BankApp.DbSeeding.SurrogateKeys\BankApp.DbSeeding.SurrogateKeys.csproj", "{E943C5B9-55A4-49B1-B52B-D74245142824}"
EndProject
Project("{FAE04EC0-301F-11D3-BF4B-00C04F79EFBC}") = "BankApp.DbSeeding.Partitioned", "BankApp.DbSeeding.Partitioned\BankApp.DbSeeding.Partitioned.csproj", "{F9C4DC01-8E4D-4EF5-B802-BC63F331F7CD}"
EndProject
Global
	GlobalSection(SolutionConfigurationPlatforms) = preSolution
		Debug|Any CPU = Debug|Any CPU
		Release|Any CPU = Release|Any CPU
	EndGlobalSection
	GlobalSection(ProjectConfigurationPlatforms) = postSolution
		{4306FFB9-7FEF-4823-A7DE-B899C80AE87B}.Debug|Any CPU.ActiveCfg = Debug|Any CPU
		{4306FFB9-7FEF-4823-A7DE-B899C80AE87B}.Debug|Any CPU.Build.0 = Debug|Any CPU
		{4306FFB9-7FEF-4823-A7DE-B899C80AE87B}.Release|Any CPU.ActiveCfg = Release|Any CPU
		{4306FFB9-7FEF-4823-A7DE-B899C80AE87B}.Release|Any CPU.Build.0 = Release|Any CPU
		{70CF2D08-D88C-4611-908A-060C019E914C}.Debug|Any CPU.ActiveCfg = Debug|Any CPU
		{70CF2D08-D88C-4611-908A-060C019E914C}.Debug|Any CPU.Build.0 = Debug|Any CPU
		{70CF2D08-D88C-4611-908A-060C019E914C}.Release|Any CPU.ActiveCfg = Release|Any CPU
		{70CF2D08-D88C-4611-908A-060C019E914C}.Release|Any CPU.Build.0 = Release|Any CPU
		{60B9DC39-EF69-472C-845B-5D916F818CA4}.Debug|Any CPU.ActiveCfg = Debug|Any CPU
		{60B9DC39-EF69-472C-845B-5D916F818CA4}.Debug|Any CPU.Build.0 = Debug|Any CPU
		{60B9DC39-EF69-472C-845B-5D916F818CA4}.Release|Any CPU.ActiveCfg = Release|Any CPU
		{60B9DC39-EF69-472C-845B-5D916F818CA4}.Release|Any CPU.Build.0 = Release|Any CPU
		{25AD0B42-E9E8-43CF-BC63-F3604D7FEB36}.Debug|Any CPU.ActiveCfg = Debug|Any CPU
		{25AD0B42-E9E8-43CF-BC63-F3604D7FEB36}.Debug|Any CPU.Build.0 = Debug|Any CPU
		{25AD0B42-E9E8-43CF-BC63-F3604D7FEB36}.Release|Any CPU.ActiveCfg = Release|Any CPU
		{25AD0B42-E9E8-43CF-BC63-F3604D7FEB36}.Release|Any CPU.Build.0 = Release|Any CPU
		{A3AD8D1B-FE01-49F5-A192-D9CC9B4BD427}.Debug|Any CPU.ActiveCfg = Debug|Any CPU
		{A3AD8D1B-FE01-49F5-A192-D9CC9B4BD427}.Debug|Any CPU.Build.0 = Debug|Any CPU
		{A3AD8D1B-FE01-49F5-A192-D9CC9B4BD427}.Release|Any CPU.ActiveCfg = Release|Any CPU
		{A3AD8D1B-FE01-49F5-A192-D9CC9B4BD427}.Release|Any CPU.Build.0 = Release|Any CPU
		{AD8A5988-88AA-4C64-B26E-431524B70B29}.Debug|Any CPU.ActiveCfg = Debug|Any CPU
		{AD8A5988-88AA-4C64-B26E-431524B70B29}.Debug|Any CPU.Build.0 = Debug|Any CPU
		{AD8A5988-88AA-4C64-B26E-431524B70B29}.Release|Any CPU.ActiveCfg = Release|Any CPU
		{AD8A5988-88AA-4C64-B26E-431524B70B29}.Release|Any CPU.Build.0 = Release|Any CPU
		{52EBCA7F-06A1-430E-9217-4D38219AB852}.Debug|Any CPU.ActiveCfg = Debug|Any CPU
		{52EBCA7F-06A1-430E-9217-4D38219AB852}.Debug|Any CPU.Build.0 = Debug|Any CPU
		{52EBCA7F-06A1-430E-9217-4D38219AB852}.Release|Any CPU.ActiveCfg = Release|Any CPU
		{52EBCA7F-06A1-430E-9217-4D38219AB852}.Release|Any CPU.Build.0 = Release|Any CPU
		{C29A1090-FCF8-4461-869F-A33C871F767A}.Debug|Any CPU.ActiveCfg = Debug|Any CPU
		{C29A1090-FCF8-4461-869F-A33C871F767A}.Debug|Any CPU.Build.0 = Debug|Any CPU
		{C29A1090-FCF8-4461-869F-A33C871F767A}.Release|Any CPU.ActiveCfg = Release|Any CPU
		{C29A1090-FCF8-4461-869F-A33C871F767A}.Release|Any CPU.Build.0 = Release|Any CPU
		{5339F646-EF55-40A2-85F7-30356EB3DA37}.Debug|Any CPU.ActiveCfg = Debug|Any CPU
		{5339F646-EF55-40A2-85F7-30356EB3DA37}.Debug|Any CPU.Build.0 = Debug|Any CPU
		{5339F646-EF55-40A2-85F7-30356EB3DA37}.Release|Any CPU.ActiveCfg = Release|Any CPU
		{5339F646-EF55-40A2-85F7-30356EB3DA37}.Release|Any CPU.Build.0 = Release|Any CPU
		{3CEBC61C-A07A-4134-AEA9-DAF0A6BAE97C}.Debug|Any CPU.ActiveCfg = Debug|Any CPU
		{3CEBC61C-A07A-4134-AEA9-DAF0A6BAE97C}.Debug|Any CPU.Build.0 = Debug|Any CPU
		{3CEBC61C-A07A-4134-AEA9-DAF0A6BAE97C}.Release|Any CPU.ActiveCfg = Release|Any CPU
		{3CEBC61C-A07A-4134-AEA9-DAF0A6BAE97C}.Release|Any CPU.Build.0 = Release|Any CPU
		{4110675F-B6A6-489F-8AE7-E745C9BE3CD8}.Debug|Any CPU.ActiveCfg = Debug|Any CPU
		{4110675F-B6A6-489F-8AE7-E745C9BE3CD8}.Debug|Any CPU.Build.0 = Debug|Any CPU
		{4110675F-B6A6-489F-8AE7-E745C9BE3CD8}.Release|Any CPU.ActiveCfg = Release|Any CPU
		{4110675F-B6A6-489F-8AE7-E745C9BE3CD8}.Release|Any CPU.Build.0 = Release|Any CPU
		{55863B72-BC1B-46A3-B062-56AC2736D6E3}.Debug|Any CPU.ActiveCfg = Debug|Any CPU
		{55863B72-BC1B-46A3-B062-56AC2736D6E3}.Debug|Any CPU.Build.0 = Debug|Any CPU
		{55863B72-BC1B-46A3-B062-56AC2736D6E3}.Release|Any CPU.ActiveCfg = Release|Any CPU
		{55863B72-BC1B-46A3-B062-56AC2736D6E3}.Release|Any CPU.Build.0 = Release|Any CPU
		{E943C5B9-55A4-49B1-B52B-D74245142824}.Debug|Any CPU.ActiveCfg = Debug|Any CPU
		{E943C5B9-55A4-49B1-B52B-D74245142824}.Debug|Any CPU.Build.0 = Debug|Any CPU
		{E943C5B9-55A4-49B1-B52B-D74245142824}.Release|Any CPU.ActiveCfg = Release|Any CPU
		{E943C5B9-55A4-49B1-B52B-D74245142824}.Release|Any CPU.Build.0 = Release|Any CPU
		{F9C4DC01-8E4D-4EF5-B802-BC63F331F7CD}.Debug|Any CPU.ActiveCfg = Debug|Any CPU
		{F9C4DC01-8E4D-4EF5-B802-BC63F331F7CD}.Debug|Any CPU.Build.0 = Debug|Any CPU
		{F9C4DC01-8E4D-4EF5-B802-BC63F331F7CD}.Release|Any CPU.ActiveCfg = Release|Any CPU
		{F9C4DC01-8E4D-4EF5-B802-BC63F331F7CD}.Release|Any CPU.Build.0 = Release|Any CPU
	EndGlobalSection
	GlobalSection(SolutionProperties) = preSolution
		HideSolutionNode = FALSE
	EndGlobalSection
	GlobalSection(NestedProjects) = preSolution
		{4306FFB9-7FEF-4823-A7DE-B899C80AE87B} = {78E12F48-1F65-49A6-8579-BEA5C30EB803}
		{70CF2D08-D88C-4611-908A-060C019E914C} = {4699ED22-9C8B-447C-9F30-CE39AA4668E1}
		{60B9DC39-EF69-472C-845B-5D916F818CA4} = {6CFC5F60-792F-494E-9D43-158547E5970F}
		{25AD0B42-E9E8-43CF-BC63-F3604D7FEB36} = {699D6759-F017-4B86-AD76-990907DD0AEF}
		{A3AD8D1B-FE01-49F5-A192-D9CC9B4BD427} = {777FE53D-1DB6-4E7D-9FBC-61AE72D0B712}
		{AD8A5988-88AA-4C64-B26E-431524B70B29} = {0023FB36-8D5E-45C6-89FF-F65331515EA2}
		{52EBCA7F-06A1-430E-9217-4D38219AB852} = {0023FB36-8D5E-45C6-89FF-F65331515EA2}
		{C29A1090-FCF8-4461-869F-A33C871F767A} = {777FE53D-1DB6-4E7D-9FBC-61AE72D0B712}
		{5339F646-EF55-40A2-85F7-30356EB3DA37} = {A50B50A3-F4DC-458A-A73B-02ABA4F916AA}
		{3CEBC61C-A07A-4134-AEA9-DAF0A6BAE97C} = {20FE765C-19D4-4BFC-B89F-C65B91185145}
		{4110675F-B6A6-489F-8AE7-E745C9BE3CD8} = {FB2CA548-A6AA-4531-A678-5A978751482B}
		{55863B72-BC1B-46A3-B062-56AC2736D6E3} = {777FE53D-1DB6-4E7D-9FBC-61AE72D0B712}
		{E943C5B9-55A4-49B1-B52B-D74245142824} = {0023FB36-8D5E-45C6-89FF-F65331515EA2}
		{F9C4DC01-8E4D-4EF5-B802-BC63F331F7CD} = {A50B50A3-F4DC-458A-A73B-02ABA4F916AA}
	EndGlobalSection
	GlobalSection(ExtensibilityGlobals) = postSolution
		SolutionGuid = {313A6A1A-BBCC-4C48-85F6-D07A8F2465D4}
	EndGlobalSection
EndGlobal
