
Microsoft Visual Studio Solution File, Format Version 12.00
# Visual Studio 15
VisualStudioVersion = 15.0.28010.2016
MinimumVisualStudioVersion = 10.0.40219.1
Project("{FAE04EC0-301F-11D3-BF4B-00C04F79EFBC}") = "Manisero.StreamProcessing", "Manisero.StreamProcessing\Manisero.StreamProcessing.csproj", "{3FF69D71-7D11-491B-8103-5CD4650F8BC6}"
EndProject
Project("{2150E333-8FDC-42A3-9474-1A3956D46DE8}") = "1. Database", "1. Database", "{01BEAB89-FB40-43AB-901C-12E9394AB240}"
EndProject
Project("{FAE04EC0-301F-11D3-BF4B-00C04F79EFBC}") = "Manisero.StreamProcessing.DbMigrator", "Manisero.StreamProcessing.DbMigrator\Manisero.StreamProcessing.DbMigrator.csproj", "{32731C57-AB4D-417F-BA3F-CD3109B8CF63}"
EndProject
Project("{FAE04EC0-301F-11D3-BF4B-00C04F79EFBC}") = "Manisero.StreamProcessing.DbSeeder", "Manisero.StreamProcessing.DbSeeder\Manisero.StreamProcessing.DbSeeder.csproj", "{87322861-AA3A-471C-8D2F-867B62C5F94D}"
EndProject
Project("{2150E333-8FDC-42A3-9474-1A3956D46DE8}") = "2. Application", "2. Application", "{CC171B47-0536-425F-9D7B-19070C63D50B}"
EndProject
Project("{FAE04EC0-301F-11D3-BF4B-00C04F79EFBC}") = "Manisero.StreamProcessing.Domain", "Manisero.StreamProcessing.Domain\Manisero.StreamProcessing.Domain.csproj", "{7326D095-0528-44CD-AB2A-279DC2ACFBA0}"
EndProject
Project("{FAE04EC0-301F-11D3-BF4B-00C04F79EFBC}") = "Manisero.StreamProcessing.Utils", "Manisero.StreamProcessing.Utils\Manisero.StreamProcessing.Utils.csproj", "{1EE0263B-A0B2-461E-8931-43B2E0EF3963}"
EndProject
Project("{FAE04EC0-301F-11D3-BF4B-00C04F79EFBC}") = "Manisero.StreamProcessing.Initializer", "Manisero.StreamProcessing.Initializer\Manisero.StreamProcessing.Initializer.csproj", "{1C612682-E235-40E1-9D3E-A3E3032B6D47}"
EndProject
Project("{2150E333-8FDC-42A3-9474-1A3956D46DE8}") = "0. Configs", "0. Configs", "{E8F7A999-A5B2-4AB5-A376-6B637FDFB8A9}"
	ProjectSection(SolutionItems) = preProject
		_configs\appsettings.json = _configs\appsettings.json
	EndProjectSection
EndProject
Global
	GlobalSection(SolutionConfigurationPlatforms) = preSolution
		Debug|Any CPU = Debug|Any CPU
		Release|Any CPU = Release|Any CPU
	EndGlobalSection
	GlobalSection(ProjectConfigurationPlatforms) = postSolution
		{3FF69D71-7D11-491B-8103-5CD4650F8BC6}.Debug|Any CPU.ActiveCfg = Debug|Any CPU
		{3FF69D71-7D11-491B-8103-5CD4650F8BC6}.Debug|Any CPU.Build.0 = Debug|Any CPU
		{3FF69D71-7D11-491B-8103-5CD4650F8BC6}.Release|Any CPU.ActiveCfg = Release|Any CPU
		{3FF69D71-7D11-491B-8103-5CD4650F8BC6}.Release|Any CPU.Build.0 = Release|Any CPU
		{32731C57-AB4D-417F-BA3F-CD3109B8CF63}.Debug|Any CPU.ActiveCfg = Debug|Any CPU
		{32731C57-AB4D-417F-BA3F-CD3109B8CF63}.Debug|Any CPU.Build.0 = Debug|Any CPU
		{32731C57-AB4D-417F-BA3F-CD3109B8CF63}.Release|Any CPU.ActiveCfg = Release|Any CPU
		{32731C57-AB4D-417F-BA3F-CD3109B8CF63}.Release|Any CPU.Build.0 = Release|Any CPU
		{87322861-AA3A-471C-8D2F-867B62C5F94D}.Debug|Any CPU.ActiveCfg = Debug|Any CPU
		{87322861-AA3A-471C-8D2F-867B62C5F94D}.Debug|Any CPU.Build.0 = Debug|Any CPU
		{87322861-AA3A-471C-8D2F-867B62C5F94D}.Release|Any CPU.ActiveCfg = Release|Any CPU
		{87322861-AA3A-471C-8D2F-867B62C5F94D}.Release|Any CPU.Build.0 = Release|Any CPU
		{7326D095-0528-44CD-AB2A-279DC2ACFBA0}.Debug|Any CPU.ActiveCfg = Debug|Any CPU
		{7326D095-0528-44CD-AB2A-279DC2ACFBA0}.Debug|Any CPU.Build.0 = Debug|Any CPU
		{7326D095-0528-44CD-AB2A-279DC2ACFBA0}.Release|Any CPU.ActiveCfg = Release|Any CPU
		{7326D095-0528-44CD-AB2A-279DC2ACFBA0}.Release|Any CPU.Build.0 = Release|Any CPU
		{1EE0263B-A0B2-461E-8931-43B2E0EF3963}.Debug|Any CPU.ActiveCfg = Debug|Any CPU
		{1EE0263B-A0B2-461E-8931-43B2E0EF3963}.Debug|Any CPU.Build.0 = Debug|Any CPU
		{1EE0263B-A0B2-461E-8931-43B2E0EF3963}.Release|Any CPU.ActiveCfg = Release|Any CPU
		{1EE0263B-A0B2-461E-8931-43B2E0EF3963}.Release|Any CPU.Build.0 = Release|Any CPU
		{1C612682-E235-40E1-9D3E-A3E3032B6D47}.Debug|Any CPU.ActiveCfg = Debug|Any CPU
		{1C612682-E235-40E1-9D3E-A3E3032B6D47}.Debug|Any CPU.Build.0 = Debug|Any CPU
		{1C612682-E235-40E1-9D3E-A3E3032B6D47}.Release|Any CPU.ActiveCfg = Release|Any CPU
		{1C612682-E235-40E1-9D3E-A3E3032B6D47}.Release|Any CPU.Build.0 = Release|Any CPU
	EndGlobalSection
	GlobalSection(SolutionProperties) = preSolution
		HideSolutionNode = FALSE
	EndGlobalSection
	GlobalSection(NestedProjects) = preSolution
		{32731C57-AB4D-417F-BA3F-CD3109B8CF63} = {01BEAB89-FB40-43AB-901C-12E9394AB240}
		{87322861-AA3A-471C-8D2F-867B62C5F94D} = {CC171B47-0536-425F-9D7B-19070C63D50B}
		{7326D095-0528-44CD-AB2A-279DC2ACFBA0} = {CC171B47-0536-425F-9D7B-19070C63D50B}
		{1EE0263B-A0B2-461E-8931-43B2E0EF3963} = {CC171B47-0536-425F-9D7B-19070C63D50B}
	EndGlobalSection
	GlobalSection(ExtensibilityGlobals) = postSolution
		SolutionGuid = {66214217-DFB0-4077-B87B-89FC88C0F00B}
	EndGlobalSection
EndGlobal
